// !$*UTF8*$!
{
	archiveVersion = 1;
	classes = {
	};
	objectVersion = 46;
	objects = {

/* Begin PBXBuildFile section */
		9352EC951E8768A9008D7F36 /* AppDelegate.swift in Sources */ = {isa = PBXBuildFile; fileRef = 9352EC941E8768A9008D7F36 /* AppDelegate.swift */; };
		9352EC971E8768A9008D7F36 /* ViewController.swift in Sources */ = {isa = PBXBuildFile; fileRef = 9352EC961E8768A9008D7F36 /* ViewController.swift */; };
		9352EC9A1E8768A9008D7F36 /* Main.storyboard in Resources */ = {isa = PBXBuildFile; fileRef = 9352EC981E8768A9008D7F36 /* Main.storyboard */; };
		9352EC9C1E8768A9008D7F36 /* Assets.xcassets in Resources */ = {isa = PBXBuildFile; fileRef = 9352EC9B1E8768A9008D7F36 /* Assets.xcassets */; };
		9352EC9F1E8768A9008D7F36 /* LaunchScreen.storyboard in Resources */ = {isa = PBXBuildFile; fileRef = 9352EC9D1E8768A9008D7F36 /* LaunchScreen.storyboard */; };
		9352ECC81E87795A008D7F36 /* Algeria.png in Resources */ = {isa = PBXBuildFile; fileRef = 9352ECA71E87795A008D7F36 /* Algeria.png */; };
		9352ECC91E87795A008D7F36 /* Argentina.png in Resources */ = {isa = PBXBuildFile; fileRef = 9352ECA81E87795A008D7F36 /* Argentina.png */; };
		9352ECCA1E87795A008D7F36 /* Australia.png in Resources */ = {isa = PBXBuildFile; fileRef = 9352ECA91E87795A008D7F36 /* Australia.png */; };
		9352ECCB1E87795A008D7F36 /* Brazil.png in Resources */ = {isa = PBXBuildFile; fileRef = 9352ECAA1E87795A008D7F36 /* Brazil.png */; };
		9352ECCC1E87795A008D7F36 /* Cameroon.png in Resources */ = {isa = PBXBuildFile; fileRef = 9352ECAB1E87795A008D7F36 /* Cameroon.png */; };
		9352ECCD1E87795A008D7F36 /* Chile.png in Resources */ = {isa = PBXBuildFile; fileRef = 9352ECAC1E87795A008D7F36 /* Chile.png */; };
		9352ECCE1E87795A008D7F36 /* CoteDIvoire.png in Resources */ = {isa = PBXBuildFile; fileRef = 9352ECAD1E87795A008D7F36 /* CoteDIvoire.png */; };
		9352ECCF1E87795A008D7F36 /* Denmark.png in Resources */ = {isa = PBXBuildFile; fileRef = 9352ECAE1E87795A008D7F36 /* Denmark.png */; };
		9352ECD01E87795A008D7F36 /* England.png in Resources */ = {isa = PBXBuildFile; fileRef = 9352ECAF1E87795A008D7F36 /* England.png */; };
		9352ECD11E87795A008D7F36 /* France.png in Resources */ = {isa = PBXBuildFile; fileRef = 9352ECB01E87795A008D7F36 /* France.png */; };
		9352ECD21E87795A008D7F36 /* Germany.png in Resources */ = {isa = PBXBuildFile; fileRef = 9352ECB11E87795A008D7F36 /* Germany.png */; };
		9352ECD31E87795A008D7F36 /* Ghana.png in Resources */ = {isa = PBXBuildFile; fileRef = 9352ECB21E87795A008D7F36 /* Ghana.png */; };
		9352ECD41E87795A008D7F36 /* Greece.png in Resources */ = {isa = PBXBuildFile; fileRef = 9352ECB31E87795A008D7F36 /* Greece.png */; };
		9352ECD51E87795A008D7F36 /* Holland.png in Resources */ = {isa = PBXBuildFile; fileRef = 9352ECB41E87795A008D7F36 /* Holland.png */; };
		9352ECD61E87795A008D7F36 /* Honduras.png in Resources */ = {isa = PBXBuildFile; fileRef = 9352ECB51E87795A008D7F36 /* Honduras.png */; };
		9352ECD71E87795A008D7F36 /* Italy.png in Resources */ = {isa = PBXBuildFile; fileRef = 9352ECB61E87795A008D7F36 /* Italy.png */; };
		9352ECD81E87795A008D7F36 /* Japan.png in Resources */ = {isa = PBXBuildFile; fileRef = 9352ECB71E87795A008D7F36 /* Japan.png */; };
		9352ECD91E87795A008D7F36 /* Mexico.png in Resources */ = {isa = PBXBuildFile; fileRef = 9352ECB81E87795A008D7F36 /* Mexico.png */; };
		9352ECDA1E87795A008D7F36 /* NewZealand.png in Resources */ = {isa = PBXBuildFile; fileRef = 9352ECB91E87795A008D7F36 /* NewZealand.png */; };
		9352ECDB1E87795A008D7F36 /* Nigeria.png in Resources */ = {isa = PBXBuildFile; fileRef = 9352ECBA1E87795A008D7F36 /* Nigeria.png */; };
		9352ECDC1E87795A008D7F36 /* NorthKorea.png in Resources */ = {isa = PBXBuildFile; fileRef = 9352ECBB1E87795A008D7F36 /* NorthKorea.png */; };
		9352ECDD1E87795A008D7F36 /* Paraguay.png in Resources */ = {isa = PBXBuildFile; fileRef = 9352ECBC1E87795A008D7F36 /* Paraguay.png */; };
		9352ECDE1E87795A008D7F36 /* Portugal.png in Resources */ = {isa = PBXBuildFile; fileRef = 9352ECBD1E87795A008D7F36 /* Portugal.png */; };
		9352ECDF1E87795A008D7F36 /* Serbia.png in Resources */ = {isa = PBXBuildFile; fileRef = 9352ECBE1E87795A008D7F36 /* Serbia.png */; };
		9352ECE01E87795A008D7F36 /* Slovakia.png in Resources */ = {isa = PBXBuildFile; fileRef = 9352ECBF1E87795A008D7F36 /* Slovakia.png */; };
		9352ECE11E87795A008D7F36 /* Slovenia.png in Resources */ = {isa = PBXBuildFile; fileRef = 9352ECC01E87795A008D7F36 /* Slovenia.png */; };
		9352ECE21E87795A008D7F36 /* SouthAfrica.png in Resources */ = {isa = PBXBuildFile; fileRef = 9352ECC11E87795A008D7F36 /* SouthAfrica.png */; };
		9352ECE31E87795A008D7F36 /* SouthKorea.png in Resources */ = {isa = PBXBuildFile; fileRef = 9352ECC21E87795A008D7F36 /* SouthKorea.png */; };
		9352ECE41E87795A008D7F36 /* Spain.png in Resources */ = {isa = PBXBuildFile; fileRef = 9352ECC31E87795A008D7F36 /* Spain.png */; };
		9352ECE51E87795A008D7F36 /* Switzerland.png in Resources */ = {isa = PBXBuildFile; fileRef = 9352ECC41E87795A008D7F36 /* Switzerland.png */; };
		9352ECE61E87795A008D7F36 /* Uruguay.png in Resources */ = {isa = PBXBuildFile; fileRef = 9352ECC51E87795A008D7F36 /* Uruguay.png */; };
		9352ECE71E87795A008D7F36 /* USA.png in Resources */ = {isa = PBXBuildFile; fileRef = 9352ECC61E87795A008D7F36 /* USA.png */; };
		9352ECE81E87795A008D7F36 /* team.plist in Resources */ = {isa = PBXBuildFile; fileRef = 9352ECC71E87795A008D7F36 /* team.plist */; };
		9352ECEA1E87799A008D7F36 /* CustomTableViewCell.swift in Sources */ = {isa = PBXBuildFile; fileRef = 9352ECE91E87799A008D7F36 /* CustomTableViewCell.swift */; };
/* End PBXBuildFile section */

/* Begin PBXFileReference section */
		9352EC911E8768A9008D7F36 /* SearchBarTable.app */ = {isa = PBXFileReference; explicitFileType = wrapper.application; includeInIndex = 0; path = SearchBarTable.app; sourceTree = BUILT_PRODUCTS_DIR; };
		9352EC941E8768A9008D7F36 /* AppDelegate.swift */ = {isa = PBXFileReference; lastKnownFileType = sourcecode.swift; path = AppDelegate.swift; sourceTree = "<group>"; };
		9352EC961E8768A9008D7F36 /* ViewController.swift */ = {isa = PBXFileReference; lastKnownFileType = sourcecode.swift; path = ViewController.swift; sourceTree = "<group>"; };
		9352EC991E8768A9008D7F36 /* Base */ = {isa = PBXFileReference; lastKnownFileType = file.storyboard; name = Base; path = Base.lproj/Main.storyboard; sourceTree = "<group>"; };
		9352EC9B1E8768A9008D7F36 /* Assets.xcassets */ = {isa = PBXFileReference; lastKnownFileType = folder.assetcatalog; path = Assets.xcassets; sourceTree = "<group>"; };
		9352EC9E1E8768A9008D7F36 /* Base */ = {isa = PBXFileReference; lastKnownFileType = file.storyboard; name = Base; path = Base.lproj/LaunchScreen.storyboard; sourceTree = "<group>"; };
		9352ECA01E8768A9008D7F36 /* Info.plist */ = {isa = PBXFileReference; lastKnownFileType = text.plist.xml; path = Info.plist; sourceTree = "<group>"; };
		9352ECA71E87795A008D7F36 /* Algeria.png */ = {isa = PBXFileReference; lastKnownFileType = image.png; path = Algeria.png; sourceTree = "<group>"; };
		9352ECA81E87795A008D7F36 /* Argentina.png */ = {isa = PBXFileReference; lastKnownFileType = image.png; path = Argentina.png; sourceTree = "<group>"; };
		9352ECA91E87795A008D7F36 /* Australia.png */ = {isa = PBXFileReference; lastKnownFileType = image.png; path = Australia.png; sourceTree = "<group>"; };
		9352ECAA1E87795A008D7F36 /* Brazil.png */ = {isa = PBXFileReference; lastKnownFileType = image.png; path = Brazil.png; sourceTree = "<group>"; };
		9352ECAB1E87795A008D7F36 /* Cameroon.png */ = {isa = PBXFileReference; lastKnownFileType = image.png; path = Cameroon.png; sourceTree = "<group>"; };
		9352ECAC1E87795A008D7F36 /* Chile.png */ = {isa = PBXFileReference; lastKnownFileType = image.png; path = Chile.png; sourceTree = "<group>"; };
		9352ECAD1E87795A008D7F36 /* CoteDIvoire.png */ = {isa = PBXFileReference; lastKnownFileType = image.png; path = CoteDIvoire.png; sourceTree = "<group>"; };
		9352ECAE1E87795A008D7F36 /* Denmark.png */ = {isa = PBXFileReference; lastKnownFileType = image.png; path = Denmark.png; sourceTree = "<group>"; };
		9352ECAF1E87795A008D7F36 /* England.png */ = {isa = PBXFileReference; lastKnownFileType = image.png; path = England.png; sourceTree = "<group>"; };
		9352ECB01E87795A008D7F36 /* France.png */ = {isa = PBXFileReference; lastKnownFileType = image.png; path = France.png; sourceTree = "<group>"; };
		9352ECB11E87795A008D7F36 /* Germany.png */ = {isa = PBXFileReference; lastKnownFileType = image.png; path = Germany.png; sourceTree = "<group>"; };
		9352ECB21E87795A008D7F36 /* Ghana.png */ = {isa = PBXFileReference; lastKnownFileType = image.png; path = Ghana.png; sourceTree = "<group>"; };
		9352ECB31E87795A008D7F36 /* Greece.png */ = {isa = PBXFileReference; lastKnownFileType = image.png; path = Greece.png; sourceTree = "<group>"; };
		9352ECB41E87795A008D7F36 /* Holland.png */ = {isa = PBXFileReference; lastKnownFileType = image.png; path = Holland.png; sourceTree = "<group>"; };
		9352ECB51E87795A008D7F36 /* Honduras.png */ = {isa = PBXFileReference; lastKnownFileType = image.png; path = Honduras.png; sourceTree = "<group>"; };
		9352ECB61E87795A008D7F36 /* Italy.png */ = {isa = PBXFileReference; lastKnownFileType = image.png; path = Italy.png; sourceTree = "<group>"; };
		9352ECB71E87795A008D7F36 /* Japan.png */ = {isa = PBXFileReference; lastKnownFileType = image.png; path = Japan.png; sourceTree = "<group>"; };
		9352ECB81E87795A008D7F36 /* Mexico.png */ = {isa = PBXFileReference; lastKnownFileType = image.png; path = Mexico.png; sourceTree = "<group>"; };
		9352ECB91E87795A008D7F36 /* NewZealand.png */ = {isa = PBXFileReference; lastKnownFileType = image.png; path = NewZealand.png; sourceTree = "<group>"; };
		9352ECBA1E87795A008D7F36 /* Nigeria.png */ = {isa = PBXFileReference; lastKnownFileType = image.png; path = Nigeria.png; sourceTree = "<group>"; };
		9352ECBB1E87795A008D7F36 /* NorthKorea.png */ = {isa = PBXFileReference; lastKnownFileType = image.png; path = NorthKorea.png; sourceTree = "<group>"; };
		9352ECBC1E87795A008D7F36 /* Paraguay.png */ = {isa = PBXFileReference; lastKnownFileType = image.png; path = Paraguay.png; sourceTree = "<group>"; };
		9352ECBD1E87795A008D7F36 /* Portugal.png */ = {isa = PBXFileReference; lastKnownFileType = image.png; path = Portugal.png; sourceTree = "<group>"; };
		9352ECBE1E87795A008D7F36 /* Serbia.png */ = {isa = PBXFileReference; lastKnownFileType = image.png; path = Serbia.png; sourceTree = "<group>"; };
		9352ECBF1E87795A008D7F36 /* Slovakia.png */ = {isa = PBXFileReference; lastKnownFileType = image.png; path = Slovakia.png; sourceTree = "<group>"; };
		9352ECC01E87795A008D7F36 /* Slovenia.png */ = {isa = PBXFileReference; lastKnownFileType = image.png; path = Slovenia.png; sourceTree = "<group>"; };
		9352ECC11E87795A008D7F36 /* SouthAfrica.png */ = {isa = PBXFileReference; lastKnownFileType = image.png; path = SouthAfrica.png; sourceTree = "<group>"; };
		9352ECC21E87795A008D7F36 /* SouthKorea.png */ = {isa = PBXFileReference; lastKnownFileType = image.png; path = SouthKorea.png; sourceTree = "<group>"; };
		9352ECC31E87795A008D7F36 /* Spain.png */ = {isa = PBXFileReference; lastKnownFileType = image.png; path = Spain.png; sourceTree = "<group>"; };
		9352ECC41E87795A008D7F36 /* Switzerland.png */ = {isa = PBXFileReference; lastKnownFileType = image.png; path = Switzerland.png; sourceTree = "<group>"; };
		9352ECC51E87795A008D7F36 /* Uruguay.png */ = {isa = PBXFileReference; lastKnownFileType = image.png; path = Uruguay.png; sourceTree = "<group>"; };
		9352ECC61E87795A008D7F36 /* USA.png */ = {isa = PBXFileReference; lastKnownFileType = image.png; path = USA.png; sourceTree = "<group>"; };
		9352ECC71E87795A008D7F36 /* team.plist */ = {isa = PBXFileReference; fileEncoding = 4; lastKnownFileType = text.plist.xml; path = team.plist; sourceTree = "<group>"; };
		9352ECE91E87799A008D7F36 /* CustomTableViewCell.swift */ = {isa = PBXFileReference; fileEncoding = 4; lastKnownFileType = sourcecode.swift; path = CustomTableViewCell.swift; sourceTree = "<group>"; };
/* End PBXFileReference section */

/* Begin PBXFrameworksBuildPhase section */
		9352EC8E1E8768A9008D7F36 /* Frameworks */ = {
			isa = PBXFrameworksBuildPhase;
			buildActionMask = 2147483647;
			files = (
			);
			runOnlyForDeploymentPostprocessing = 0;
		};
/* End PBXFrameworksBuildPhase section */

/* Begin PBXGroup section */
		9352EC881E8768A9008D7F36 = {
			isa = PBXGroup;
			children = (
				9352EC931E8768A9008D7F36 /* SearchBarTable */,
				9352EC921E8768A9008D7F36 /* Products */,
			);
			sourceTree = "<group>";
		};
		9352EC921E8768A9008D7F36 /* Products */ = {
			isa = PBXGroup;
			children = (
				9352EC911E8768A9008D7F36 /* SearchBarTable.app */,
			);
			name = Products;
			sourceTree = "<group>";
		};
		9352EC931E8768A9008D7F36 /* SearchBarTable */ = {
			isa = PBXGroup;
			children = (
				9352ECA61E87795A008D7F36 /* ballTeam */,
				9352ECC71E87795A008D7F36 /* team.plist */,
				9352EC941E8768A9008D7F36 /* AppDelegate.swift */,
				9352EC961E8768A9008D7F36 /* ViewController.swift */,
				9352ECE91E87799A008D7F36 /* CustomTableViewCell.swift */,
				9352EC981E8768A9008D7F36 /* Main.storyboard */,
				9352EC9B1E8768A9008D7F36 /* Assets.xcassets */,
				9352EC9D1E8768A9008D7F36 /* LaunchScreen.storyboard */,
				9352ECA01E8768A9008D7F36 /* Info.plist */,
			);
			path = SearchBarTable;
			sourceTree = "<group>";
		};
		9352ECA61E87795A008D7F36 /* ballTeam */ = {
			isa = PBXGroup;
			children = (
				9352ECA71E87795A008D7F36 /* Algeria.png */,
				9352ECA81E87795A008D7F36 /* Argentina.png */,
				9352ECA91E87795A008D7F36 /* Australia.png */,
				9352ECAA1E87795A008D7F36 /* Brazil.png */,
				9352ECAB1E87795A008D7F36 /* Cameroon.png */,
				9352ECAC1E87795A008D7F36 /* Chile.png */,
				9352ECAD1E87795A008D7F36 /* CoteDIvoire.png */,
				9352ECAE1E87795A008D7F36 /* Denmark.png */,
				9352ECAF1E87795A008D7F36 /* England.png */,
				9352ECB01E87795A008D7F36 /* France.png */,
				9352ECB11E87795A008D7F36 /* Germany.png */,
				9352ECB21E87795A008D7F36 /* Ghana.png */,
				9352ECB31E87795A008D7F36 /* Greece.png */,
				9352ECB41E87795A008D7F36 /* Holland.png */,
				9352ECB51E87795A008D7F36 /* Honduras.png */,
				9352ECB61E87795A008D7F36 /* Italy.png */,
				9352ECB71E87795A008D7F36 /* Japan.png */,
				9352ECB81E87795A008D7F36 /* Mexico.png */,
				9352ECB91E87795A008D7F36 /* NewZealand.png */,
				9352ECBA1E87795A008D7F36 /* Nigeria.png */,
				9352ECBB1E87795A008D7F36 /* NorthKorea.png */,
				9352ECBC1E87795A008D7F36 /* Paraguay.png */,
				9352ECBD1E87795A008D7F36 /* Portugal.png */,
				9352ECBE1E87795A008D7F36 /* Serbia.png */,
				9352ECBF1E87795A008D7F36 /* Slovakia.png */,
				9352ECC01E87795A008D7F36 /* Slovenia.png */,
				9352ECC11E87795A008D7F36 /* SouthAfrica.png */,
				9352ECC21E87795A008D7F36 /* SouthKorea.png */,
				9352ECC31E87795A008D7F36 /* Spain.png */,
				9352ECC41E87795A008D7F36 /* Switzerland.png */,
				9352ECC51E87795A008D7F36 /* Uruguay.png */,
				9352ECC61E87795A008D7F36 /* USA.png */,
			);
			path = ballTeam;
			sourceTree = "<group>";
		};
/* End PBXGroup section */

/* Begin PBXNativeTarget section */
		9352EC901E8768A9008D7F36 /* SearchBarTable */ = {
			isa = PBXNativeTarget;
			buildConfigurationList = 9352ECA31E8768A9008D7F36 /* Build configuration list for PBXNativeTarget "SearchBarTable" */;
			buildPhases = (
				9352EC8D1E8768A9008D7F36 /* Sources */,
				9352EC8E1E8768A9008D7F36 /* Frameworks */,
				9352EC8F1E8768A9008D7F36 /* Resources */,
			);
			buildRules = (
			);
			dependencies = (
			);
			name = SearchBarTable;
			productName = SearchBarTable;
			productReference = 9352EC911E8768A9008D7F36 /* SearchBarTable.app */;
			productType = "com.apple.product-type.application";
		};
/* End PBXNativeTarget section */

/* Begin PBXProject section */
		9352EC891E8768A9008D7F36 /* Project object */ = {
			isa = PBXProject;
			attributes = {
				LastSwiftUpdateCheck = 0820;
				LastUpgradeCheck = 0820;
				ORGANIZATIONNAME = JoyHwong;
				TargetAttributes = {
					9352EC901E8768A9008D7F36 = {
						CreatedOnToolsVersion = 8.2.1;
						ProvisioningStyle = Automatic;
					};
				};
			};
			buildConfigurationList = 9352EC8C1E8768A9008D7F36 /* Build configuration list for PBXProject "SearchBarTable" */;
			compatibilityVersion = "Xcode 3.2";
			developmentRegion = English;
			hasScannedForEncodings = 0;
			knownRegions = (
				en,
				Base,
			);
			mainGroup = 9352EC881E8768A9008D7F36;
			productRefGroup = 9352EC921E8768A9008D7F36 /* Products */;
			projectDirPath = "";
			projectRoot = "";
			targets = (
				9352EC901E8768A9008D7F36 /* SearchBarTable */,
			);
		};
/* End PBXProject section */

/* Begin PBXResourcesBuildPhase section */
		9352EC8F1E8768A9008D7F36 /* Resources */ = {
			isa = PBXResourcesBuildPhase;
			buildActionMask = 2147483647;
			files = (
				9352ECE71E87795A008D7F36 /* USA.png in Resources */,
				9352EC9F1E8768A9008D7F36 /* LaunchScreen.storyboard in Resources */,
				9352ECC91E87795A008D7F36 /* Argentina.png in Resources */,
				9352ECE61E87795A008D7F36 /* Uruguay.png in Resources */,
				9352ECD71E87795A008D7F36 /* Italy.png in Resources */,
				9352ECDE1E87795A008D7F36 /* Portugal.png in Resources */,
				9352ECD51E87795A008D7F36 /* Holland.png in Resources */,
				9352ECCA1E87795A008D7F36 /* Australia.png in Resources */,
				9352ECD21E87795A008D7F36 /* Germany.png in Resources */,
				9352ECDC1E87795A008D7F36 /* NorthKorea.png in Resources */,
				9352ECD01E87795A008D7F36 /* England.png in Resources */,
				9352ECCF1E87795A008D7F36 /* Denmark.png in Resources */,
				9352ECE51E87795A008D7F36 /* Switzerland.png in Resources */,
				9352ECDF1E87795A008D7F36 /* Serbia.png in Resources */,
				9352ECD61E87795A008D7F36 /* Honduras.png in Resources */,
				9352ECDB1E87795A008D7F36 /* Nigeria.png in Resources */,
				9352ECE01E87795A008D7F36 /* Slovakia.png in Resources */,
				9352ECE31E87795A008D7F36 /* SouthKorea.png in Resources */,
				9352ECD91E87795A008D7F36 /* Mexico.png in Resources */,
				9352ECE81E87795A008D7F36 /* team.plist in Resources */,
				9352ECCC1E87795A008D7F36 /* Cameroon.png in Resources */,
				9352ECD81E87795A008D7F36 /* Japan.png in Resources */,
				9352EC9C1E8768A9008D7F36 /* Assets.xcassets in Resources */,
				9352ECD41E87795A008D7F36 /* Greece.png in Resources */,
				9352ECDA1E87795A008D7F36 /* NewZealand.png in Resources */,
				9352ECD11E87795A008D7F36 /* France.png in Resources */,
				9352EC9A1E8768A9008D7F36 /* Main.storyboard in Resources */,
				9352ECE41E87795A008D7F36 /* Spain.png in Resources */,
				9352ECCB1E87795A008D7F36 /* Brazil.png in Resources */,
				9352ECD31E87795A008D7F36 /* Ghana.png in Resources */,
				9352ECCE1E87795A008D7F36 /* CoteDIvoire.png in Resources */,
				9352ECCD1E87795A008D7F36 /* Chile.png in Resources */,
				9352ECC81E87795A008D7F36 /* Algeria.png in Resources */,
				9352ECE21E87795A008D7F36 /* SouthAfrica.png in Resources */,
				9352ECE11E87795A008D7F36 /* Slovenia.png in Resources */,
				9352ECDD1E87795A008D7F36 /* Paraguay.png in Resources */,
			);
			runOnlyForDeploymentPostprocessing = 0;
		};
/* End PBXResourcesBuildPhase section */

/* Begin PBXSourcesBuildPhase section */
		9352EC8D1E8768A9008D7F36 /* Sources */ = {
			isa = PBXSourcesBuildPhase;
			buildActionMask = 2147483647;
			files = (
				9352ECEA1E87799A008D7F36 /* CustomTableViewCell.swift in Sources */,
				9352EC971E8768A9008D7F36 /* ViewController.swift in Sources */,
				9352EC951E8768A9008D7F36 /* AppDelegate.swift in Sources */,
			);
			runOnlyForDeploymentPostprocessing = 0;
		};
/* End PBXSourcesBuildPhase section */

/* Begin PBXVariantGroup section */
		9352EC981E8768A9008D7F36 /* Main.storyboard */ = {
			isa = PBXVariantGroup;
			children = (
				9352EC991E8768A9008D7F36 /* Base */,
			);
			name = Main.storyboard;
			sourceTree = "<group>";
		};
		9352EC9D1E8768A9008D7F36 /* LaunchScreen.storyboard */ = {
			isa = PBXVariantGroup;
			children = (
				9352EC9E1E8768A9008D7F36 /* Base */,
			);
			name = LaunchScreen.storyboard;
			sourceTree = "<group>";
		};
/* End PBXVariantGroup section */

/* Begin XCBuildConfiguration section */
		9352ECA11E8768A9008D7F36 /* Debug */ = {
			isa = XCBuildConfiguration;
			buildSettings = {
				ALWAYS_SEARCH_USER_PATHS = NO;
				CLANG_ANALYZER_NONNULL = YES;
				CLANG_CXX_LANGUAGE_STANDARD = "gnu++0x";
				CLANG_CXX_LIBRARY = "libc++";
				CLANG_ENABLE_MODULES = YES;
				CLANG_ENABLE_OBJC_ARC = YES;
				CLANG_WARN_BOOL_CONVERSION = YES;
				CLANG_WARN_CONSTANT_CONVERSION = YES;
				CLANG_WARN_DIRECT_OBJC_ISA_USAGE = YES_ERROR;
				CLANG_WARN_DOCUMENTATION_COMMENTS = YES;
				CLANG_WARN_EMPTY_BODY = YES;
				CLANG_WARN_ENUM_CONVERSION = YES;
				CLANG_WARN_INFINITE_RECURSION = YES;
				CLANG_WARN_INT_CONVERSION = YES;
				CLANG_WARN_OBJC_ROOT_CLASS = YES_ERROR;
				CLANG_WARN_SUSPICIOUS_MOVE = YES;
				CLANG_WARN_UNREACHABLE_CODE = YES;
				CLANG_WARN__DUPLICATE_METHOD_MATCH = YES;
				"CODE_SIGN_IDENTITY[sdk=iphoneos*]" = "iPhone Developer";
				COPY_PHASE_STRIP = NO;
				DEBUG_INFORMATION_FORMAT = dwarf;
				ENABLE_STRICT_OBJC_MSGSEND = YES;
				ENABLE_TESTABILITY = YES;
				GCC_C_LANGUAGE_STANDARD = gnu99;
				GCC_DYNAMIC_NO_PIC = NO;
				GCC_NO_COMMON_BLOCKS = YES;
				GCC_OPTIMIZATION_LEVEL = 0;
				GCC_PREPROCESSOR_DEFINITIONS = (
					"DEBUG=1",
					"$(inherited)",
				);
				GCC_WARN_64_TO_32_BIT_CONVERSION = YES;
				GCC_WARN_ABOUT_RETURN_TYPE = YES_ERROR;
				GCC_WARN_UNDECLARED_SELECTOR = YES;
				GCC_WARN_UNINITIALIZED_AUTOS = YES_AGGRESSIVE;
				GCC_WARN_UNUSED_FUNCTION = YES;
				GCC_WARN_UNUSED_VARIABLE = YES;
				IPHONEOS_DEPLOYMENT_TARGET = 10.2;
				MTL_ENABLE_DEBUG_INFO = YES;
				ONLY_ACTIVE_ARCH = YES;
				SDKROOT = iphoneos;
				SWIFT_ACTIVE_COMPILATION_CONDITIONS = DEBUG;
				SWIFT_OPTIMIZATION_LEVEL = "-Onone";
			};
			name = Debug;
		};
		9352ECA21E8768A9008D7F36 /* Release */ = {
			isa = XCBuildConfiguration;
			buildSettings = {
				ALWAYS_SEARCH_USER_PATHS = NO;
				CLANG_ANALYZER_NONNULL = YES;
				CLANG_CXX_LANGUAGE_STANDARD = "gnu++0x";
				CLANG_CXX_LIBRARY = "libc++";
				CLANG_ENABLE_MODULES = YES;
				CLANG_ENABLE_OBJC_ARC = YES;
				CLANG_WARN_BOOL_CONVERSION = YES;
				CLANG_WARN_CONSTANT_CONVERSION = YES;
				CLANG_WARN_DIRECT_OBJC_ISA_USAGE = YES_ERROR;
				CLANG_WARN_DOCUMENTATION_COMMENTS = YES;
				CLANG_WARN_EMPTY_BODY = YES;
				CLANG_WARN_ENUM_CONVERSION = YES;
				CLANG_WARN_INFINITE_RECURSION = YES;
				CLANG_WARN_INT_CONVERSION = YES;
				CLANG_WARN_OBJC_ROOT_CLASS = YES_ERROR;
				CLANG_WARN_SUSPICIOUS_MOVE = YES;
				CLANG_WARN_UNREACHABLE_CODE = YES;
				CLANG_WARN__DUPLICATE_METHOD_MATCH = YES;
				"CODE_SIGN_IDENTITY[sdk=iphoneos*]" = "iPhone Developer";
				COPY_PHASE_STRIP = NO;
				DEBUG_INFORMATION_FORMAT = "dwarf-with-dsym";
				ENABLE_NS_ASSERTIONS = NO;
				ENABLE_STRICT_OBJC_MSGSEND = YES;
				GCC_C_LANGUAGE_STANDARD = gnu99;
				GCC_NO_COMMON_BLOCKS = YES;
				GCC_WARN_64_TO_32_BIT_CONVERSION = YES;
				GCC_WARN_ABOUT_RETURN_TYPE = YES_ERROR;
				GCC_WARN_UNDECLARED_SELECTOR = YES;
				GCC_WARN_UNINITIALIZED_AUTOS = YES_AGGRESSIVE;
				GCC_WARN_UNUSED_FUNCTION = YES;
				GCC_WARN_UNUSED_VARIABLE = YES;
				IPHONEOS_DEPLOYMENT_TARGET = 10.2;
				MTL_ENABLE_DEBUG_INFO = NO;
				SDKROOT = iphoneos;
				SWIFT_OPTIMIZATION_LEVEL = "-Owholemodule";
				VALIDATE_PRODUCT = YES;
			};
			name = Release;
		};
		9352ECA41E8768A9008D7F36 /* Debug */ = {
			isa = XCBuildConfiguration;
			buildSettings = {
				ASSETCATALOG_COMPILER_APPICON_NAME = AppIcon;
				INFOPLIST_FILE = SearchBarTable/Info.plist;
				LD_RUNPATH_SEARCH_PATHS = "$(inherited) @executable_path/Frameworks";
				PRODUCT_BUNDLE_IDENTIFIER = com.joyhwong.SearchBarTable;
				PRODUCT_NAME = "$(TARGET_NAME)";
				SWIFT_VERSION = 3.0;
			};
			name = Debug;
		};
		9352ECA51E8768A9008D7F36 /* Release */ = {
			isa = XCBuildConfiguration;
			buildSettings = {
				ASSETCATALOG_COMPILER_APPICON_NAME = AppIcon;
				INFOPLIST_FILE = SearchBarTable/Info.plist;
				LD_RUNPATH_SEARCH_PATHS = "$(inherited) @executable_path/Frameworks";
				PRODUCT_BUNDLE_IDENTIFIER = com.joyhwong.SearchBarTable;
				PRODUCT_NAME = "$(TARGET_NAME)";
				SWIFT_VERSION = 3.0;
			};
			name = Release;
		};
/* End XCBuildConfiguration section */

/* Begin XCConfigurationList section */
		9352EC8C1E8768A9008D7F36 /* Build configuration list for PBXProject "SearchBarTable" */ = {
			isa = XCConfigurationList;
			buildConfigurations = (
				9352ECA11E8768A9008D7F36 /* Debug */,
				9352ECA21E8768A9008D7F36 /* Release */,
			);
			defaultConfigurationIsVisible = 0;
			defaultConfigurationName = Release;
		};
		9352ECA31E8768A9008D7F36 /* Build configuration list for PBXNativeTarget "SearchBarTable" */ = {
			isa = XCConfigurationList;
			buildConfigurations = (
				9352ECA41E8768A9008D7F36 /* Debug */,
				9352ECA51E8768A9008D7F36 /* Release */,
			);
			defaultConfigurationIsVisible = 0;
		};
/* End XCConfigurationList section */
	};
	rootObject = 9352EC891E8768A9008D7F36 /* Project object */;
}
