// !$*UTF8*$!
{
	archiveVersion = 1;
	classes = {
	};
	objectVersion = 46;
	objects = {

/* Begin PBXBuildFile section */
		931668271E8EA3FB0082E376 /* AppDelegate.swift in Sources */ = {isa = PBXBuildFile; fileRef = 931668261E8EA3FB0082E376 /* AppDelegate.swift */; };
		931668291E8EA3FB0082E376 /* ViewController.swift in Sources */ = {isa = PBXBuildFile; fileRef = 931668281E8EA3FB0082E376 /* ViewController.swift */; };
		9316682C1E8EA3FB0082E376 /* Main.storyboard in Resources */ = {isa = PBXBuildFile; fileRef = 9316682A1E8EA3FB0082E376 /* Main.storyboard */; };
		9316682F1E8EA3FB0082E376 /* WriteContact.xcdatamodeld in Sources */ = {isa = PBXBuildFile; fileRef = 9316682D1E8EA3FB0082E376 /* WriteContact.xcdatamodeld */; };
		931668311E8EA3FC0082E376 /* Assets.xcassets in Resources */ = {isa = PBXBuildFile; fileRef = 931668301E8EA3FC0082E376 /* Assets.xcassets */; };
		931668341E8EA3FC0082E376 /* LaunchScreen.storyboard in Resources */ = {isa = PBXBuildFile; fileRef = 931668321E8EA3FC0082E376 /* LaunchScreen.storyboard */; };
		9316683C1E8FD72E0082E376 /* AddContactViewController.swift in Sources */ = {isa = PBXBuildFile; fileRef = 9316683B1E8FD72E0082E376 /* AddContactViewController.swift */; };
/* End PBXBuildFile section */

/* Begin PBXFileReference section */
		931668231E8EA3FB0082E376 /* WriteContact.app */ = {isa = PBXFileReference; explicitFileType = wrapper.application; includeInIndex = 0; path = WriteContact.app; sourceTree = BUILT_PRODUCTS_DIR; };
		931668261E8EA3FB0082E376 /* AppDelegate.swift */ = {isa = PBXFileReference; lastKnownFileType = sourcecode.swift; path = AppDelegate.swift; sourceTree = "<group>"; };
		931668281E8EA3FB0082E376 /* ViewController.swift */ = {isa = PBXFileReference; lastKnownFileType = sourcecode.swift; path = ViewController.swift; sourceTree = "<group>"; };
		9316682B1E8EA3FB0082E376 /* Base */ = {isa = PBXFileReference; lastKnownFileType = file.storyboard; name = Base; path = Base.lproj/Main.storyboard; sourceTree = "<group>"; };
		9316682E1E8EA3FB0082E376 /* WriteContact.xcdatamodel */ = {isa = PBXFileReference; lastKnownFileType = wrapper.xcdatamodel; path = WriteContact.xcdatamodel; sourceTree = "<group>"; };
		931668301E8EA3FC0082E376 /* Assets.xcassets */ = {isa = PBXFileReference; lastKnownFileType = folder.assetcatalog; path = Assets.xcassets; sourceTree = "<group>"; };
		931668331E8EA3FC0082E376 /* Base */ = {isa = PBXFileReference; lastKnownFileType = file.storyboard; name = Base; path = Base.lproj/LaunchScreen.storyboard; sourceTree = "<group>"; };
		931668351E8EA3FC0082E376 /* Info.plist */ = {isa = PBXFileReference; lastKnownFileType = text.plist.xml; path = Info.plist; sourceTree = "<group>"; };
		9316683B1E8FD72E0082E376 /* AddContactViewController.swift */ = {isa = PBXFileReference; fileEncoding = 4; lastKnownFileType = sourcecode.swift; path = AddContactViewController.swift; sourceTree = "<group>"; };
/* End PBXFileReference section */

/* Begin PBXFrameworksBuildPhase section */
		931668201E8EA3FB0082E376 /* Frameworks */ = {
			isa = PBXFrameworksBuildPhase;
			buildActionMask = 2147483647;
			files = (
			);
			runOnlyForDeploymentPostprocessing = 0;
		};
/* End PBXFrameworksBuildPhase section */

/* Begin PBXGroup section */
		9316681A1E8EA3FB0082E376 = {
			isa = PBXGroup;
			children = (
				931668251E8EA3FB0082E376 /* WriteContact */,
				931668241E8EA3FB0082E376 /* Products */,
			);
			sourceTree = "<group>";
		};
		931668241E8EA3FB0082E376 /* Products */ = {
			isa = PBXGroup;
			children = (
				931668231E8EA3FB0082E376 /* WriteContact.app */,
			);
			name = Products;
			sourceTree = "<group>";
		};
		931668251E8EA3FB0082E376 /* WriteContact */ = {
			isa = PBXGroup;
			children = (
				931668261E8EA3FB0082E376 /* AppDelegate.swift */,
				931668281E8EA3FB0082E376 /* ViewController.swift */,
				9316683B1E8FD72E0082E376 /* AddContactViewController.swift */,
				9316682A1E8EA3FB0082E376 /* Main.storyboard */,
				931668301E8EA3FC0082E376 /* Assets.xcassets */,
				931668321E8EA3FC0082E376 /* LaunchScreen.storyboard */,
				931668351E8EA3FC0082E376 /* Info.plist */,
				9316682D1E8EA3FB0082E376 /* WriteContact.xcdatamodeld */,
			);
			path = WriteContact;
			sourceTree = "<group>";
		};
/* End PBXGroup section */

/* Begin PBXNativeTarget section */
		931668221E8EA3FB0082E376 /* WriteContact */ = {
			isa = PBXNativeTarget;
			buildConfigurationList = 931668381E8EA3FC0082E376 /* Build configuration list for PBXNativeTarget "WriteContact" */;
			buildPhases = (
				9316681F1E8EA3FB0082E376 /* Sources */,
				931668201E8EA3FB0082E376 /* Frameworks */,
				931668211E8EA3FB0082E376 /* Resources */,
			);
			buildRules = (
			);
			dependencies = (
			);
			name = WriteContact;
			productName = WriteContact;
			productReference = 931668231E8EA3FB0082E376 /* WriteContact.app */;
			productType = "com.apple.product-type.application";
		};
/* End PBXNativeTarget section */

/* Begin PBXProject section */
		9316681B1E8EA3FB0082E376 /* Project object */ = {
			isa = PBXProject;
			attributes = {
				LastSwiftUpdateCheck = 0830;
				LastUpgradeCheck = 0830;
				ORGANIZATIONNAME = JoyHwong;
				TargetAttributes = {
					931668221E8EA3FB0082E376 = {
						CreatedOnToolsVersion = 8.3;
						ProvisioningStyle = Automatic;
					};
				};
			};
			buildConfigurationList = 9316681E1E8EA3FB0082E376 /* Build configuration list for PBXProject "WriteContact" */;
			compatibilityVersion = "Xcode 3.2";
			developmentRegion = English;
			hasScannedForEncodings = 0;
			knownRegions = (
				en,
				Base,
			);
			mainGroup = 9316681A1E8EA3FB0082E376;
			productRefGroup = 931668241E8EA3FB0082E376 /* Products */;
			projectDirPath = "";
			projectRoot = "";
			targets = (
				931668221E8EA3FB0082E376 /* WriteContact */,
			);
		};
/* End PBXProject section */

/* Begin PBXResourcesBuildPhase section */
		931668211E8EA3FB0082E376 /* Resources */ = {
			isa = PBXResourcesBuildPhase;
			buildActionMask = 2147483647;
			files = (
				931668341E8EA3FC0082E376 /* LaunchScreen.storyboard in Resources */,
				931668311E8EA3FC0082E376 /* Assets.xcassets in Resources */,
				9316682C1E8EA3FB0082E376 /* Main.storyboard in Resources */,
			);
			runOnlyForDeploymentPostprocessing = 0;
		};
/* End PBXResourcesBuildPhase section */

/* Begin PBXSourcesBuildPhase section */
		9316681F1E8EA3FB0082E376 /* Sources */ = {
			isa = PBXSourcesBuildPhase;
			buildActionMask = 2147483647;
			files = (
				931668291E8EA3FB0082E376 /* ViewController.swift in Sources */,
				9316683C1E8FD72E0082E376 /* AddContactViewController.swift in Sources */,
				931668271E8EA3FB0082E376 /* AppDelegate.swift in Sources */,
				9316682F1E8EA3FB0082E376 /* WriteContact.xcdatamodeld in Sources */,
			);
			runOnlyForDeploymentPostprocessing = 0;
		};
/* End PBXSourcesBuildPhase section */

/* Begin PBXVariantGroup section */
		9316682A1E8EA3FB0082E376 /* Main.storyboard */ = {
			isa = PBXVariantGroup;
			children = (
				9316682B1E8EA3FB0082E376 /* Base */,
			);
			name = Main.storyboard;
			sourceTree = "<group>";
		};
		931668321E8EA3FC0082E376 /* LaunchScreen.storyboard */ = {
			isa = PBXVariantGroup;
			children = (
				931668331E8EA3FC0082E376 /* Base */,
			);
			name = LaunchScreen.storyboard;
			sourceTree = "<group>";
		};
/* End PBXVariantGroup section */

/* Begin XCBuildConfiguration section */
		931668361E8EA3FC0082E376 /* Debug */ = {
			isa = XCBuildConfiguration;
			buildSettings = {
				ALWAYS_SEARCH_USER_PATHS = NO;
				CLANG_ANALYZER_NONNULL = YES;
				CLANG_ANALYZER_NUMBER_OBJECT_CONVERSION = YES_AGGRESSIVE;
				CLANG_CXX_LANGUAGE_STANDARD = "gnu++0x";
				CLANG_CXX_LIBRARY = "libc++";
				CLANG_ENABLE_MODULES = YES;
				CLANG_ENABLE_OBJC_ARC = YES;
				CLANG_WARN_BOOL_CONVERSION = YES;
				CLANG_WARN_CONSTANT_CONVERSION = YES;
				CLANG_WARN_DIRECT_OBJC_ISA_USAGE = YES_ERROR;
				CLANG_WARN_DOCUMENTATION_COMMENTS = YES;
				CLANG_WARN_EMPTY_BODY = YES;
				CLANG_WARN_ENUM_CONVERSION = YES;
				CLANG_WARN_INFINITE_RECURSION = YES;
				CLANG_WARN_INT_CONVERSION = YES;
				CLANG_WARN_OBJC_ROOT_CLASS = YES_ERROR;
				CLANG_WARN_SUSPICIOUS_MOVE = YES;
				CLANG_WARN_UNREACHABLE_CODE = YES;
				CLANG_WARN__DUPLICATE_METHOD_MATCH = YES;
				"CODE_SIGN_IDENTITY[sdk=iphoneos*]" = "iPhone Developer";
				COPY_PHASE_STRIP = NO;
				DEBUG_INFORMATION_FORMAT = dwarf;
				ENABLE_STRICT_OBJC_MSGSEND = YES;
				ENABLE_TESTABILITY = YES;
				GCC_C_LANGUAGE_STANDARD = gnu99;
				GCC_DYNAMIC_NO_PIC = NO;
				GCC_NO_COMMON_BLOCKS = YES;
				GCC_OPTIMIZATION_LEVEL = 0;
				GCC_PREPROCESSOR_DEFINITIONS = (
					"DEBUG=1",
					"$(inherited)",
				);
				GCC_WARN_64_TO_32_BIT_CONVERSION = YES;
				GCC_WARN_ABOUT_RETURN_TYPE = YES_ERROR;
				GCC_WARN_UNDECLARED_SELECTOR = YES;
				GCC_WARN_UNINITIALIZED_AUTOS = YES_AGGRESSIVE;
				GCC_WARN_UNUSED_FUNCTION = YES;
				GCC_WARN_UNUSED_VARIABLE = YES;
				IPHONEOS_DEPLOYMENT_TARGET = 10.3;
				MTL_ENABLE_DEBUG_INFO = YES;
				ONLY_ACTIVE_ARCH = YES;
				SDKROOT = iphoneos;
				SWIFT_ACTIVE_COMPILATION_CONDITIONS = DEBUG;
				SWIFT_OPTIMIZATION_LEVEL = "-Onone";
			};
			name = Debug;
		};
		931668371E8EA3FC0082E376 /* Release */ = {
			isa = XCBuildConfiguration;
			buildSettings = {
				ALWAYS_SEARCH_USER_PATHS = NO;
				CLANG_ANALYZER_NONNULL = YES;
				CLANG_ANALYZER_NUMBER_OBJECT_CONVERSION = YES_AGGRESSIVE;
				CLANG_CXX_LANGUAGE_STANDARD = "gnu++0x";
				CLANG_CXX_LIBRARY = "libc++";
				CLANG_ENABLE_MODULES = YES;
				CLANG_ENABLE_OBJC_ARC = YES;
				CLANG_WARN_BOOL_CONVERSION = YES;
				CLANG_WARN_CONSTANT_CONVERSION = YES;
				CLANG_WARN_DIRECT_OBJC_ISA_USAGE = YES_ERROR;
				CLANG_WARN_DOCUMENTATION_COMMENTS = YES;
				CLANG_WARN_EMPTY_BODY = YES;
				CLANG_WARN_ENUM_CONVERSION = YES;
				CLANG_WARN_INFINITE_RECURSION = YES;
				CLANG_WARN_INT_CONVERSION = YES;
				CLANG_WARN_OBJC_ROOT_CLASS = YES_ERROR;
				CLANG_WARN_SUSPICIOUS_MOVE = YES;
				CLANG_WARN_UNREACHABLE_CODE = YES;
				CLANG_WARN__DUPLICATE_METHOD_MATCH = YES;
				"CODE_SIGN_IDENTITY[sdk=iphoneos*]" = "iPhone Developer";
				COPY_PHASE_STRIP = NO;
				DEBUG_INFORMATION_FORMAT = "dwarf-with-dsym";
				ENABLE_NS_ASSERTIONS = NO;
				ENABLE_STRICT_OBJC_MSGSEND = YES;
				GCC_C_LANGUAGE_STANDARD = gnu99;
				GCC_NO_COMMON_BLOCKS = YES;
				GCC_WARN_64_TO_32_BIT_CONVERSION = YES;
				GCC_WARN_ABOUT_RETURN_TYPE = YES_ERROR;
				GCC_WARN_UNDECLARED_SELECTOR = YES;
				GCC_WARN_UNINITIALIZED_AUTOS = YES_AGGRESSIVE;
				GCC_WARN_UNUSED_FUNCTION = YES;
				GCC_WARN_UNUSED_VARIABLE = YES;
				IPHONEOS_DEPLOYMENT_TARGET = 10.3;
				MTL_ENABLE_DEBUG_INFO = NO;
				SDKROOT = iphoneos;
				SWIFT_OPTIMIZATION_LEVEL = "-Owholemodule";
				VALIDATE_PRODUCT = YES;
			};
			name = Release;
		};
		931668391E8EA3FC0082E376 /* Debug */ = {
			isa = XCBuildConfiguration;
			buildSettings = {
				ASSETCATALOG_COMPILER_APPICON_NAME = AppIcon;
				INFOPLIST_FILE = WriteContact/Info.plist;
				LD_RUNPATH_SEARCH_PATHS = "$(inherited) @executable_path/Frameworks";
				PRODUCT_BUNDLE_IDENTIFIER = com.joyhwong.WriteContact;
				PRODUCT_NAME = "$(TARGET_NAME)";
				SWIFT_VERSION = 3.0;
			};
			name = Debug;
		};
		9316683A1E8EA3FC0082E376 /* Release */ = {
			isa = XCBuildConfiguration;
			buildSettings = {
				ASSETCATALOG_COMPILER_APPICON_NAME = AppIcon;
				INFOPLIST_FILE = WriteContact/Info.plist;
				LD_RUNPATH_SEARCH_PATHS = "$(inherited) @executable_path/Frameworks";
				PRODUCT_BUNDLE_IDENTIFIER = com.joyhwong.WriteContact;
				PRODUCT_NAME = "$(TARGET_NAME)";
				SWIFT_VERSION = 3.0;
			};
			name = Release;
		};
/* End XCBuildConfiguration section */

/* Begin XCConfigurationList section */
		9316681E1E8EA3FB0082E376 /* Build configuration list for PBXProject "WriteContact" */ = {
			isa = XCConfigurationList;
			buildConfigurations = (
				931668361E8EA3FC0082E376 /* Debug */,
				931668371E8EA3FC0082E376 /* Release */,
			);
			defaultConfigurationIsVisible = 0;
			defaultConfigurationName = Release;
		};
		931668381E8EA3FC0082E376 /* Build configuration list for PBXNativeTarget "WriteContact" */ = {
			isa = XCConfigurationList;
			buildConfigurations = (
				931668391E8EA3FC0082E376 /* Debug */,
				9316683A1E8EA3FC0082E376 /* Release */,
			);
			defaultConfigurationIsVisible = 0;
			defaultConfigurationName = Release;
		};
/* End XCConfigurationList section */

/* Begin XCVersionGroup section */
		9316682D1E8EA3FB0082E376 /* WriteContact.xcdatamodeld */ = {
			isa = XCVersionGroup;
			children = (
				9316682E1E8EA3FB0082E376 /* WriteContact.xcdatamodel */,
			);
			currentVersion = 9316682E1E8EA3FB0082E376 /* WriteContact.xcdatamodel */;
			path = WriteContact.xcdatamodeld;
			sourceTree = "<group>";
			versionGroupType = wrapper.xcdatamodel;
		};
/* End XCVersionGroup section */
	};
	rootObject = 9316681B1E8EA3FB0082E376 /* Project object */;
}
